
Microsoft Visual Studio Solution File, Format Version 12.00
# Visual Studio Version 17
VisualStudioVersion = 17.8.34511.84
MinimumVisualStudioVersion = 10.0.40219.1
Project("{9A19103F-16F7-4668-BE54-9A1E7A4F7556}") = "HelloWorld", "HelloWorld\HelloWorld.csproj", "{F1E59186-C7F5-4B26-B763-BD8716F91ED6}"
EndProject
Project("{9A19103F-16F7-4668-BE54-9A1E7A4F7556}") = "TiposEVariaveis", "TiposEVariaveis\TiposEVariaveis.csproj", "{90AF6931-2739-4C23-9CFF-A22790EB6547}"
EndProject
Project("{9A19103F-16F7-4668-BE54-9A1E7A4F7556}") = "LacosIterativos", "LacosIterativos\LacosIterativos.csproj", "{3DE58297-AC63-4222-ABA5-054AD8DDA221}"
EndProject
Project("{9A19103F-16F7-4668-BE54-9A1E7A4F7556}") = "LacosCondicionais", "LacosCondicionais\LacosCondicionais.csproj", "{2B323C55-3B30-4A6B-A828-1DC506E6427B}"
EndProject
Project("{9A19103F-16F7-4668-BE54-9A1E7A4F7556}") = "Teste", "Teste\Teste.csproj", "{E0BA61F6-8A65-494B-BF18-B6C9EC941226}"
EndProject
Project("{FAE04EC0-301F-11D3-BF4B-00C04F79EFBC}") = "Classes1", "Classes1\Classes1.csproj", "{A427FEF6-CE91-412F-AE4F-2B2EBC204821}"
EndProject
Project("{FAE04EC0-301F-11D3-BF4B-00C04F79EFBC}") = "Classe2", "Classe2\Classe2.csproj", "{5BEA35F8-688B-44C3-A078-14A13A743CCC}"
EndProject
Global
	GlobalSection(SolutionConfigurationPlatforms) = preSolution
		Debug|Any CPU = Debug|Any CPU
		Release|Any CPU = Release|Any CPU
	EndGlobalSection
	GlobalSection(ProjectConfigurationPlatforms) = postSolution
		{F1E59186-C7F5-4B26-B763-BD8716F91ED6}.Debug|Any CPU.ActiveCfg = Debug|Any CPU
		{F1E59186-C7F5-4B26-B763-BD8716F91ED6}.Debug|Any CPU.Build.0 = Debug|Any CPU
		{F1E59186-C7F5-4B26-B763-BD8716F91ED6}.Release|Any CPU.ActiveCfg = Release|Any CPU
		{F1E59186-C7F5-4B26-B763-BD8716F91ED6}.Release|Any CPU.Build.0 = Release|Any CPU
		{90AF6931-2739-4C23-9CFF-A22790EB6547}.Debug|Any CPU.ActiveCfg = Debug|Any CPU
		{90AF6931-2739-4C23-9CFF-A22790EB6547}.Debug|Any CPU.Build.0 = Debug|Any CPU
		{90AF6931-2739-4C23-9CFF-A22790EB6547}.Release|Any CPU.ActiveCfg = Release|Any CPU
		{90AF6931-2739-4C23-9CFF-A22790EB6547}.Release|Any CPU.Build.0 = Release|Any CPU
		{3DE58297-AC63-4222-ABA5-054AD8DDA221}.Debug|Any CPU.ActiveCfg = Debug|Any CPU
		{3DE58297-AC63-4222-ABA5-054AD8DDA221}.Debug|Any CPU.Build.0 = Debug|Any CPU
		{3DE58297-AC63-4222-ABA5-054AD8DDA221}.Release|Any CPU.ActiveCfg = Release|Any CPU
		{3DE58297-AC63-4222-ABA5-054AD8DDA221}.Release|Any CPU.Build.0 = Release|Any CPU
		{2B323C55-3B30-4A6B-A828-1DC506E6427B}.Debug|Any CPU.ActiveCfg = Debug|Any CPU
		{2B323C55-3B30-4A6B-A828-1DC506E6427B}.Debug|Any CPU.Build.0 = Debug|Any CPU
		{2B323C55-3B30-4A6B-A828-1DC506E6427B}.Release|Any CPU.ActiveCfg = Release|Any CPU
		{2B323C55-3B30-4A6B-A828-1DC506E6427B}.Release|Any CPU.Build.0 = Release|Any CPU
		{E0BA61F6-8A65-494B-BF18-B6C9EC941226}.Debug|Any CPU.ActiveCfg = Debug|Any CPU
		{E0BA61F6-8A65-494B-BF18-B6C9EC941226}.Debug|Any CPU.Build.0 = Debug|Any CPU
		{E0BA61F6-8A65-494B-BF18-B6C9EC941226}.Release|Any CPU.ActiveCfg = Release|Any CPU
		{E0BA61F6-8A65-494B-BF18-B6C9EC941226}.Release|Any CPU.Build.0 = Release|Any CPU
		{A427FEF6-CE91-412F-AE4F-2B2EBC204821}.Debug|Any CPU.ActiveCfg = Debug|Any CPU
		{A427FEF6-CE91-412F-AE4F-2B2EBC204821}.Debug|Any CPU.Build.0 = Debug|Any CPU
		{A427FEF6-CE91-412F-AE4F-2B2EBC204821}.Release|Any CPU.ActiveCfg = Release|Any CPU
		{A427FEF6-CE91-412F-AE4F-2B2EBC204821}.Release|Any CPU.Build.0 = Release|Any CPU
		{5BEA35F8-688B-44C3-A078-14A13A743CCC}.Debug|Any CPU.ActiveCfg = Debug|Any CPU
		{5BEA35F8-688B-44C3-A078-14A13A743CCC}.Debug|Any CPU.Build.0 = Debug|Any CPU
		{5BEA35F8-688B-44C3-A078-14A13A743CCC}.Release|Any CPU.ActiveCfg = Release|Any CPU
		{5BEA35F8-688B-44C3-A078-14A13A743CCC}.Release|Any CPU.Build.0 = Release|Any CPU
	EndGlobalSection
	GlobalSection(SolutionProperties) = preSolution
		HideSolutionNode = FALSE
	EndGlobalSection
	GlobalSection(ExtensibilityGlobals) = postSolution
		SolutionGuid = {4CCF3F04-CAAC-4920-ADDF-A133888B7A89}
	EndGlobalSection
EndGlobal
